Microsoft Visual Studio Solution File, Format Version 12.00
# Visual Studio Version 17
VisualStudioVersion = 17.5.2.0
MinimumVisualStudioVersion = 10.0.40219.1
Project("{2150E333-8FDC-42A3-9474-1A3956D46DE8}") = "analyzers\dotnet", "analyzers\dotnet", "{B8F6600B-1BB5-24C4-1C5C-B56170B4FF39}"
EndProject
Project("{FAE04EC0-301F-11D3-BF4B-00C04F79EFBC}") = "ASTronautAnalyzer", "analyzers\dotnet\ASTronautAnalyzer.csproj", "{CDA2A677-8988-D01D-73F0-5D2B2066873B}"
EndProject
Global
	GlobalSection(SolutionConfigurationPlatforms) = preSolution
		Debug|Any CPU = Debug|Any CPU
		Release|Any CPU = Release|Any CPU
	EndGlobalSection
	GlobalSection(ProjectConfigurationPlatforms) = postSolution
		{CDA2A677-8988-D01D-73F0-5D2B2066873B}.Debug|Any CPU.ActiveCfg = Debug|Any CPU
		{CDA2A677-8988-D01D-73F0-5D2B2066873B}.Debug|Any CPU.Build.0 = Debug|Any CPU
		{CDA2A677-8988-D01D-73F0-5D2B2066873B}.Release|Any CPU.ActiveCfg = Release|Any CPU
		{CDA2A677-8988-D01D-73F0-5D2B2066873B}.Release|Any CPU.Build.0 = Release|Any CPU
	EndGlobalSection
	GlobalSection(SolutionProperties) = preSolution
		HideSolutionNode = FALSE
	EndGlobalSection
	GlobalSection(NestedProjects) = preSolution
		{CDA2A677-8988-D01D-73F0-5D2B2066873B} = {B8F6600B-1BB5-24C4-1C5C-B56170B4FF39}
	EndGlobalSection
	GlobalSection(ExtensibilityGlobals) = postSolution
		SolutionGuid = {EFC971CC-A751-4705-BB40-9AE898C8C325}
	EndGlobalSection
EndGlobal
